
Microsoft Visual Studio Solution File, Format Version 12.00
# Visual Studio Version 16
VisualStudioVersion = 16.0.34301.259
MinimumVisualStudioVersion = 10.0.40219.1
Project("{8BC9CEB8-8B4A-11D0-8D11-00A0C91BC942}") = "CircleMaker", "CircleMaker\CircleMaker.vcxproj", "{99ACD9ED-A4B3-40BC-8373-0A5E9A61388B}"
EndProject
Project("{54435603-DBB4-11D2-8724-00A0C9A8B90C}") = "CircleMakerSetup", "CircleMakerSetup\CircleMakerSetup.vdproj", "{4D4D781B-E930-430B-B729-903F57474F36}"
EndProject
Global
	GlobalSection(SolutionConfigurationPlatforms) = preSolution
		Debug|x64 = Debug|x64
		Debug|x86 = Debug|x86
		Release|x64 = Release|x64
		Release|x86 = Release|x86
	EndGlobalSection
	GlobalSection(ProjectConfigurationPlatforms) = postSolution
		{99ACD9ED-A4B3-40BC-8373-0A5E9A61388B}.Debug|x64.ActiveCfg = Debug|x64
		{99ACD9ED-A4B3-40BC-8373-0A5E9A61388B}.Debug|x64.Build.0 = Debug|x64
		{99ACD9ED-A4B3-40BC-8373-0A5E9A61388B}.Debug|x86.ActiveCfg = Debug|Win32
		{99ACD9ED-A4B3-40BC-8373-0A5E9A61388B}.Debug|x86.Build.0 = Debug|Win32
		{99ACD9ED-A4B3-40BC-8373-0A5E9A61388B}.Release|x64.ActiveCfg = Debug|x64
		{99ACD9ED-A4B3-40BC-8373-0A5E9A61388B}.Release|x64.Build.0 = Debug|x64
		{99ACD9ED-A4B3-40BC-8373-0A5E9A61388B}.Release|x86.ActiveCfg = Release|Win32
		{99ACD9ED-A4B3-40BC-8373-0A5E9A61388B}.Release|x86.Build.0 = Release|Win32
		{4D4D781B-E930-430B-B729-903F57474F36}.Debug|x64.ActiveCfg = Debug
		{4D4D781B-E930-430B-B729-903F57474F36}.Debug|x86.ActiveCfg = Debug
		{4D4D781B-E930-430B-B729-903F57474F36}.Release|x64.ActiveCfg = Release
		{4D4D781B-E930-430B-B729-903F57474F36}.Release|x86.ActiveCfg = Release
	EndGlobalSection
	GlobalSection(SolutionProperties) = preSolution
		HideSolutionNode = FALSE
	EndGlobalSection
	GlobalSection(ExtensibilityGlobals) = postSolution
		SolutionGuid = {15860A40-08A1-4BDA-B698-9D21F0F089AE}
	EndGlobalSection
EndGlobal
